
Microsoft Visual Studio Solution File, Format Version 12.00
Project("{FAE04EC0-301F-11D3-BF4B-00C04F79EFBC}") = "Z-ParkRest", "Z-ParkRest\Z-ParkRest.csproj", "{7D987AD1-FE9D-4ABC-A4EE-A1C45BD99528}"
EndProject
Project("{FAE04EC0-301F-11D3-BF4B-00C04F79EFBC}") = "Z-ParkLib", "Z-ParkLib\Z-ParkLib.csproj", "{9E55E67E-2F85-4E48-9F39-60F835452314}"
EndProject
Project("{FAE04EC0-301F-11D3-BF4B-00C04F79EFBC}") = "Z-ParkTest", "Z-ParkTest\Z-ParkTest.csproj", "{05FBF13C-DEE7-4FF8-802F-8954D0D5F796}"
EndProject
Global
	GlobalSection(SolutionConfigurationPlatforms) = preSolution
		Debug|Any CPU = Debug|Any CPU
		Release|Any CPU = Release|Any CPU
	EndGlobalSection
	GlobalSection(ProjectConfigurationPlatforms) = postSolution
		{7D987AD1-FE9D-4ABC-A4EE-A1C45BD99528}.Debug|Any CPU.ActiveCfg = Debug|Any CPU
		{7D987AD1-FE9D-4ABC-A4EE-A1C45BD99528}.Debug|Any CPU.Build.0 = Debug|Any CPU
		{7D987AD1-FE9D-4ABC-A4EE-A1C45BD99528}.Release|Any CPU.ActiveCfg = Release|Any CPU
		{7D987AD1-FE9D-4ABC-A4EE-A1C45BD99528}.Release|Any CPU.Build.0 = Release|Any CPU
		{9E55E67E-2F85-4E48-9F39-60F835452314}.Debug|Any CPU.ActiveCfg = Debug|Any CPU
		{9E55E67E-2F85-4E48-9F39-60F835452314}.Debug|Any CPU.Build.0 = Debug|Any CPU
		{9E55E67E-2F85-4E48-9F39-60F835452314}.Release|Any CPU.ActiveCfg = Release|Any CPU
		{9E55E67E-2F85-4E48-9F39-60F835452314}.Release|Any CPU.Build.0 = Release|Any CPU
		{05FBF13C-DEE7-4FF8-802F-8954D0D5F796}.Debug|Any CPU.ActiveCfg = Debug|Any CPU
		{05FBF13C-DEE7-4FF8-802F-8954D0D5F796}.Debug|Any CPU.Build.0 = Debug|Any CPU
		{05FBF13C-DEE7-4FF8-802F-8954D0D5F796}.Release|Any CPU.ActiveCfg = Release|Any CPU
		{05FBF13C-DEE7-4FF8-802F-8954D0D5F796}.Release|Any CPU.Build.0 = Release|Any CPU
	EndGlobalSection
EndGlobal
